
Microsoft Visual Studio Solution File, Format Version 12.00
# Visual Studio Version 16
VisualStudioVersion = 16.0.30204.135
MinimumVisualStudioVersion = 10.0.40219.1
Project("{FAE04EC0-301F-11D3-BF4B-00C04F79EFBC}") = "ImenikXYZZZ", "ImenikXYZZZ\ImenikXYZZZ.csproj", "{EFF1C2FB-1620-4E61-B4D0-D88EB091809E}"
EndProject
Global
	GlobalSection(SolutionConfigurationPlatforms) = preSolution
		Debug|Any CPU = Debug|Any CPU
		Release|Any CPU = Release|Any CPU
	EndGlobalSection
	GlobalSection(ProjectConfigurationPlatforms) = postSolution
		{EFF1C2FB-1620-4E61-B4D0-D88EB091809E}.Debug|Any CPU.ActiveCfg = Debug|Any CPU
		{EFF1C2FB-1620-4E61-B4D0-D88EB091809E}.Debug|Any CPU.Build.0 = Debug|Any CPU
		{EFF1C2FB-1620-4E61-B4D0-D88EB091809E}.Release|Any CPU.ActiveCfg = Release|Any CPU
		{EFF1C2FB-1620-4E61-B4D0-D88EB091809E}.Release|Any CPU.Build.0 = Release|Any CPU
	EndGlobalSection
	GlobalSection(SolutionProperties) = preSolution
		HideSolutionNode = FALSE
	EndGlobalSection
	GlobalSection(ExtensibilityGlobals) = postSolution
		SolutionGuid = {298C2F05-55E9-442D-AC15-46F8D0BCBB3C}
	EndGlobalSection
EndGlobal
